
Microsoft Visual Studio Solution File, Format Version 12.00
# Visual Studio 15
VisualStudioVersion = 15.0.26430.16
MinimumVisualStudioVersion = 10.0.40219.1
Project("{FAE04EC0-301F-11D3-BF4B-00C04F79EFBC}") = "ActionBuffer", "ActionBuffer\ActionBuffer.csproj", "{412B627C-958F-40BB-B656-EB2CD1BCA788}"
EndProject
Project("{FAE04EC0-301F-11D3-BF4B-00C04F79EFBC}") = "ActionBufferTests", "ActionBufferTests\ActionBufferTests.csproj", "{1AFF4B8B-587D-45E3-A71A-780E5D33BCB4}"
EndProject
Global
	GlobalSection(SolutionConfigurationPlatforms) = preSolution
		Debug|Any CPU = Debug|Any CPU
		Release|Any CPU = Release|Any CPU
	EndGlobalSection
	GlobalSection(ProjectConfigurationPlatforms) = postSolution
		{412B627C-958F-40BB-B656-EB2CD1BCA788}.Debug|Any CPU.ActiveCfg = Debug|Any CPU
		{412B627C-958F-40BB-B656-EB2CD1BCA788}.Debug|Any CPU.Build.0 = Debug|Any CPU
		{412B627C-958F-40BB-B656-EB2CD1BCA788}.Release|Any CPU.ActiveCfg = Release|Any CPU
		{412B627C-958F-40BB-B656-EB2CD1BCA788}.Release|Any CPU.Build.0 = Release|Any CPU
		{1AFF4B8B-587D-45E3-A71A-780E5D33BCB4}.Debug|Any CPU.ActiveCfg = Debug|Any CPU
		{1AFF4B8B-587D-45E3-A71A-780E5D33BCB4}.Debug|Any CPU.Build.0 = Debug|Any CPU
		{1AFF4B8B-587D-45E3-A71A-780E5D33BCB4}.Release|Any CPU.ActiveCfg = Release|Any CPU
		{1AFF4B8B-587D-45E3-A71A-780E5D33BCB4}.Release|Any CPU.Build.0 = Release|Any CPU
	EndGlobalSection
	GlobalSection(SolutionProperties) = preSolution
		HideSolutionNode = FALSE
	EndGlobalSection
EndGlobal
